// !$*UTF8*$!
{
	archiveVersion = 1;
	classes = {
	};
	objectVersion = 55;
	objects = {

/* Begin PBXBuildFile section */
		CC0D3AB8275D9C75008EBB31 /* ButtleView.swift in Sources */ = {isa = PBXBuildFile; fileRef = CC0D3AB7275D9C74008EBB31 /* ButtleView.swift */; };
		CC0D3ABA275D9C7D008EBB31 /* ButtleModel.swift in Sources */ = {isa = PBXBuildFile; fileRef = CC0D3AB9275D9C7D008EBB31 /* ButtleModel.swift */; };
		CC4394972758D18B00D8BF8F /* mattibouApp.swift in Sources */ = {isa = PBXBuildFile; fileRef = CC4394962758D18B00D8BF8F /* mattibouApp.swift */; };
		CC4394992758D18B00D8BF8F /* ContentView.swift in Sources */ = {isa = PBXBuildFile; fileRef = CC4394982758D18B00D8BF8F /* ContentView.swift */; };
		CC43949B2758D18C00D8BF8F /* Assets.xcassets in Resources */ = {isa = PBXBuildFile; fileRef = CC43949A2758D18C00D8BF8F /* Assets.xcassets */; };
		CC43949E2758D18C00D8BF8F /* Preview Assets.xcassets in Resources */ = {isa = PBXBuildFile; fileRef = CC43949D2758D18C00D8BF8F /* Preview Assets.xcassets */; };
		CC4394A52759B0EE00D8BF8F /* startgamen.swift in Sources */ = {isa = PBXBuildFile; fileRef = CC4394A42759B0EE00D8BF8F /* startgamen.swift */; };
		CC4394A7275CE5EF00D8BF8F /* SwiftUIView.swift in Sources */ = {isa = PBXBuildFile; fileRef = CC4394A6275CE5EF00D8BF8F /* SwiftUIView.swift */; };
/* End PBXBuildFile section */

/* Begin PBXFileReference section */
		CC0D3AB7275D9C74008EBB31 /* ButtleView.swift */ = {isa = PBXFileReference; fileEncoding = 4; lastKnownFileType = sourcecode.swift; path = ButtleView.swift; sourceTree = "<group>"; };
		CC0D3AB9275D9C7D008EBB31 /* ButtleModel.swift */ = {isa = PBXFileReference; fileEncoding = 4; lastKnownFileType = sourcecode.swift; path = ButtleModel.swift; sourceTree = "<group>"; };
		CC4394932758D18B00D8BF8F /* mattibou.app */ = {isa = PBXFileReference; explicitFileType = wrapper.application; includeInIndex = 0; path = mattibou.app; sourceTree = BUILT_PRODUCTS_DIR; };
		CC4394962758D18B00D8BF8F /* mattibouApp.swift */ = {isa = PBXFileReference; lastKnownFileType = sourcecode.swift; path = mattibouApp.swift; sourceTree = "<group>"; };
		CC4394982758D18B00D8BF8F /* ContentView.swift */ = {isa = PBXFileReference; lastKnownFileType = sourcecode.swift; path = ContentView.swift; sourceTree = "<group>"; };
		CC43949A2758D18C00D8BF8F /* Assets.xcassets */ = {isa = PBXFileReference; lastKnownFileType = folder.assetcatalog; path = Assets.xcassets; sourceTree = "<group>"; };
		CC43949D2758D18C00D8BF8F /* Preview Assets.xcassets */ = {isa = PBXFileReference; lastKnownFileType = folder.assetcatalog; path = "Preview Assets.xcassets"; sourceTree = "<group>"; };
		CC4394A42759B0EE00D8BF8F /* startgamen.swift */ = {isa = PBXFileReference; lastKnownFileType = sourcecode.swift; path = startgamen.swift; sourceTree = "<group>"; };
		CC4394A6275CE5EF00D8BF8F /* SwiftUIView.swift */ = {isa = PBXFileReference; lastKnownFileType = sourcecode.swift; path = SwiftUIView.swift; sourceTree = "<group>"; };
/* End PBXFileReference section */

/* Begin PBXFrameworksBuildPhase section */
		CC4394902758D18B00D8BF8F /* Frameworks */ = {
			isa = PBXFrameworksBuildPhase;
			buildActionMask = 2147483647;
			files = (
			);
			runOnlyForDeploymentPostprocessing = 0;
		};
/* End PBXFrameworksBuildPhase section */

/* Begin PBXGroup section */
		CC43948A2758D18B00D8BF8F = {
			isa = PBXGroup;
			children = (
				CC4394952758D18B00D8BF8F /* mattibou */,
				CC4394942758D18B00D8BF8F /* Products */,
			);
			sourceTree = "<group>";
		};
		CC4394942758D18B00D8BF8F /* Products */ = {
			isa = PBXGroup;
			children = (
				CC4394932758D18B00D8BF8F /* mattibou.app */,
			);
			name = Products;
			sourceTree = "<group>";
		};
		CC4394952758D18B00D8BF8F /* mattibou */ = {
			isa = PBXGroup;
			children = (
				CC4394962758D18B00D8BF8F /* mattibouApp.swift */,
				CC4394982758D18B00D8BF8F /* ContentView.swift */,
				CC4394A42759B0EE00D8BF8F /* startgamen.swift */,
				CC4394A6275CE5EF00D8BF8F /* SwiftUIView.swift */,
				CC0D3AB9275D9C7D008EBB31 /* ButtleModel.swift */,
				CC0D3AB7275D9C74008EBB31 /* ButtleView.swift */,
				CC43949A2758D18C00D8BF8F /* Assets.xcassets */,
				CC43949C2758D18C00D8BF8F /* Preview Content */,
			);
			path = mattibou;
			sourceTree = "<group>";
		};
		CC43949C2758D18C00D8BF8F /* Preview Content */ = {
			isa = PBXGroup;
			children = (
				CC43949D2758D18C00D8BF8F /* Preview Assets.xcassets */,
			);
			path = "Preview Content";
			sourceTree = "<group>";
		};
/* End PBXGroup section */

/* Begin PBXNativeTarget section */
		CC4394922758D18B00D8BF8F /* mattibou */ = {
			isa = PBXNativeTarget;
			buildConfigurationList = CC4394A12758D18C00D8BF8F /* Build configuration list for PBXNativeTarget "mattibou" */;
			buildPhases = (
				CC43948F2758D18B00D8BF8F /* Sources */,
				CC4394902758D18B00D8BF8F /* Frameworks */,
				CC4394912758D18B00D8BF8F /* Resources */,
			);
			buildRules = (
			);
			dependencies = (
			);
			name = mattibou;
			productName = mattibou;
			productReference = CC4394932758D18B00D8BF8F /* mattibou.app */;
			productType = "com.apple.product-type.application";
		};
/* End PBXNativeTarget section */

/* Begin PBXProject section */
		CC43948B2758D18B00D8BF8F /* Project object */ = {
			isa = PBXProject;
			attributes = {
				BuildIndependentTargetsInParallel = 1;
				LastSwiftUpdateCheck = 1310;
				LastUpgradeCheck = 1310;
				TargetAttributes = {
					CC4394922758D18B00D8BF8F = {
						CreatedOnToolsVersion = 13.1;
					};
				};
			};
			buildConfigurationList = CC43948E2758D18B00D8BF8F /* Build configuration list for PBXProject "mattibou" */;
			compatibilityVersion = "Xcode 13.0";
			developmentRegion = en;
			hasScannedForEncodings = 0;
			knownRegions = (
				en,
				Base,
			);
			mainGroup = CC43948A2758D18B00D8BF8F;
			productRefGroup = CC4394942758D18B00D8BF8F /* Products */;
			projectDirPath = "";
			projectRoot = "";
			targets = (
				CC4394922758D18B00D8BF8F /* mattibou */,
			);
		};
/* End PBXProject section */

/* Begin PBXResourcesBuildPhase section */
		CC4394912758D18B00D8BF8F /* Resources */ = {
			isa = PBXResourcesBuildPhase;
			buildActionMask = 2147483647;
			files = (
				CC43949E2758D18C00D8BF8F /* Preview Assets.xcassets in Resources */,
				CC43949B2758D18C00D8BF8F /* Assets.xcassets in Resources */,
			);
			runOnlyForDeploymentPostprocessing = 0;
		};
/* End PBXResourcesBuildPhase section */

/* Begin PBXSourcesBuildPhase section */
		CC43948F2758D18B00D8BF8F /* Sources */ = {
			isa = PBXSourcesBuildPhase;
			buildActionMask = 2147483647;
			files = (
				CC4394992758D18B00D8BF8F /* ContentView.swift in Sources */,
				CC4394A52759B0EE00D8BF8F /* startgamen.swift in Sources */,
				CC0D3AB8275D9C75008EBB31 /* ButtleView.swift in Sources */,
				CC0D3ABA275D9C7D008EBB31 /* ButtleModel.swift in Sources */,
				CC4394A7275CE5EF00D8BF8F /* SwiftUIView.swift in Sources */,
				CC4394972758D18B00D8BF8F /* mattibouApp.swift in Sources */,
			);
			runOnlyForDeploymentPostprocessing = 0;
		};
/* End PBXSourcesBuildPhase section */

/* Begin XCBuildConfiguration section */
		CC43949F2758D18C00D8BF8F /* Debug */ = {
			isa = XCBuildConfiguration;
			buildSettings = {
				ALWAYS_SEARCH_USER_PATHS = NO;
				CLANG_ANALYZER_NONNULL = YES;
				CLANG_ANALYZER_NUMBER_OBJECT_CONVERSION = YES_AGGRESSIVE;
				CLANG_CXX_LANGUAGE_STANDARD = "gnu++17";
				CLANG_CXX_LIBRARY = "libc++";
				CLANG_ENABLE_MODULES = YES;
				CLANG_ENABLE_OBJC_ARC = YES;
				CLANG_ENABLE_OBJC_WEAK = YES;
				CLANG_WARN_BLOCK_CAPTURE_AUTORELEASING = YES;
				CLANG_WARN_BOOL_CONVERSION = YES;
				CLANG_WARN_COMMA = YES;
				CLANG_WARN_CONSTANT_CONVERSION = YES;
				CLANG_WARN_DEPRECATED_OBJC_IMPLEMENTATIONS = YES;
				CLANG_WARN_DIRECT_OBJC_ISA_USAGE = YES_ERROR;
				CLANG_WARN_DOCUMENTATION_COMMENTS = YES;
				CLANG_WARN_EMPTY_BODY = YES;
				CLANG_WARN_ENUM_CONVERSION = YES;
				CLANG_WARN_INFINITE_RECURSION = YES;
				CLANG_WARN_INT_CONVERSION = YES;
				CLANG_WARN_NON_LITERAL_NULL_CONVERSION = YES;
				CLANG_WARN_OBJC_IMPLICIT_RETAIN_SELF = YES;
				CLANG_WARN_OBJC_LITERAL_CONVERSION = YES;
				CLANG_WARN_OBJC_ROOT_CLASS = YES_ERROR;
				CLANG_WARN_QUOTED_INCLUDE_IN_FRAMEWORK_HEADER = YES;
				CLANG_WARN_RANGE_LOOP_ANALYSIS = YES;
				CLANG_WARN_STRICT_PROTOTYPES = YES;
				CLANG_WARN_SUSPICIOUS_MOVE = YES;
				CLANG_WARN_UNGUARDED_AVAILABILITY = YES_AGGRESSIVE;
				CLANG_WARN_UNREACHABLE_CODE = YES;
				CLANG_WARN__DUPLICATE_METHOD_MATCH = YES;
				COPY_PHASE_STRIP = NO;
				DEBUG_INFORMATION_FORMAT = dwarf;
				ENABLE_STRICT_OBJC_MSGSEND = YES;
				ENABLE_TESTABILITY = YES;
				GCC_C_LANGUAGE_STANDARD = gnu11;
				GCC_DYNAMIC_NO_PIC = NO;
				GCC_NO_COMMON_BLOCKS = YES;
				GCC_OPTIMIZATION_LEVEL = 0;
				GCC_PREPROCESSOR_DEFINITIONS = (
					"DEBUG=1",
					"$(inherited)",
				);
				GCC_WARN_64_TO_32_BIT_CONVERSION = YES;
				GCC_WARN_ABOUT_RETURN_TYPE = YES_ERROR;
				GCC_WARN_UNDECLARED_SELECTOR = YES;
				GCC_WARN_UNINITIALIZED_AUTOS = YES_AGGRESSIVE;
				GCC_WARN_UNUSED_FUNCTION = YES;
				GCC_WARN_UNUSED_VARIABLE = YES;
				IPHONEOS_DEPLOYMENT_TARGET = 15.0;
				MTL_ENABLE_DEBUG_INFO = INCLUDE_SOURCE;
				MTL_FAST_MATH = YES;
				ONLY_ACTIVE_ARCH = YES;
				SDKROOT = iphoneos;
				SWIFT_ACTIVE_COMPILATION_CONDITIONS = DEBUG;
				SWIFT_OPTIMIZATION_LEVEL = "-Onone";
			};
			name = Debug;
		};
		CC4394A02758D18C00D8BF8F /* Release */ = {
			isa = XCBuildConfiguration;
			buildSettings = {
				ALWAYS_SEARCH_USER_PATHS = NO;
				CLANG_ANALYZER_NONNULL = YES;
				CLANG_ANALYZER_NUMBER_OBJECT_CONVERSION = YES_AGGRESSIVE;
				CLANG_CXX_LANGUAGE_STANDARD = "gnu++17";
				CLANG_CXX_LIBRARY = "libc++";
				CLANG_ENABLE_MODULES = YES;
				CLANG_ENABLE_OBJC_ARC = YES;
				CLANG_ENABLE_OBJC_WEAK = YES;
				CLANG_WARN_BLOCK_CAPTURE_AUTORELEASING = YES;
				CLANG_WARN_BOOL_CONVERSION = YES;
				CLANG_WARN_COMMA = YES;
				CLANG_WARN_CONSTANT_CONVERSION = YES;
				CLANG_WARN_DEPRECATED_OBJC_IMPLEMENTATIONS = YES;
				CLANG_WARN_DIRECT_OBJC_ISA_USAGE = YES_ERROR;
				CLANG_WARN_DOCUMENTATION_COMMENTS = YES;
				CLANG_WARN_EMPTY_BODY = YES;
				CLANG_WARN_ENUM_CONVERSION = YES;
				CLANG_WARN_INFINITE_RECURSION = YES;
				CLANG_WARN_INT_CONVERSION = YES;
				CLANG_WARN_NON_LITERAL_NULL_CONVERSION = YES;
				CLANG_WARN_OBJC_IMPLICIT_RETAIN_SELF = YES;
				CLANG_WARN_OBJC_LITERAL_CONVERSION = YES;
				CLANG_WARN_OBJC_ROOT_CLASS = YES_ERROR;
				CLANG_WARN_QUOTED_INCLUDE_IN_FRAMEWORK_HEADER = YES;
				CLANG_WARN_RANGE_LOOP_ANALYSIS = YES;
				CLANG_WARN_STRICT_PROTOTYPES = YES;
				CLANG_WARN_SUSPICIOUS_MOVE = YES;
				CLANG_WARN_UNGUARDED_AVAILABILITY = YES_AGGRESSIVE;
				CLANG_WARN_UNREACHABLE_CODE = YES;
				CLANG_WARN__DUPLICATE_METHOD_MATCH = YES;
				COPY_PHASE_STRIP = NO;
				DEBUG_INFORMATION_FORMAT = "dwarf-with-dsym";
				ENABLE_NS_ASSERTIONS = NO;
				ENABLE_STRICT_OBJC_MSGSEND = YES;
				GCC_C_LANGUAGE_STANDARD = gnu11;
				GCC_NO_COMMON_BLOCKS = YES;
				GCC_WARN_64_TO_32_BIT_CONVERSION = YES;
				GCC_WARN_ABOUT_RETURN_TYPE = YES_ERROR;
				GCC_WARN_UNDECLARED_SELECTOR = YES;
				GCC_WARN_UNINITIALIZED_AUTOS = YES_AGGRESSIVE;
				GCC_WARN_UNUSED_FUNCTION = YES;
				GCC_WARN_UNUSED_VARIABLE = YES;
				IPHONEOS_DEPLOYMENT_TARGET = 15.0;
				MTL_ENABLE_DEBUG_INFO = NO;
				MTL_FAST_MATH = YES;
				SDKROOT = iphoneos;
				SWIFT_COMPILATION_MODE = wholemodule;
				SWIFT_OPTIMIZATION_LEVEL = "-O";
				VALIDATE_PRODUCT = YES;
			};
			name = Release;
		};
		CC4394A22758D18C00D8BF8F /* Debug */ = {
			isa = XCBuildConfiguration;
			buildSettings = {
				ASSETCATALOG_COMPILER_APPICON_NAME = AppIcon;
				ASSETCATALOG_COMPILER_GLOBAL_ACCENT_COLOR_NAME = AccentColor;
				CODE_SIGN_STYLE = Automatic;
				CURRENT_PROJECT_VERSION = 1;
				DEVELOPMENT_ASSET_PATHS = "\"mattibou/Preview Content\"";
				ENABLE_PREVIEWS = YES;
				GENERATE_INFOPLIST_FILE = YES;
				INFOPLIST_KEY_UIApplicationSceneManifest_Generation = YES;
				INFOPLIST_KEY_UIApplicationSupportsIndirectInputEvents = YES;
				INFOPLIST_KEY_UILaunchScreen_Generation = YES;
				INFOPLIST_KEY_UISupportedInterfaceOrientations_iPad = "UIInterfaceOrientationPortrait UIInterfaceOrientationPortraitUpsideDown UIInterfaceOrientationLandscapeLeft UIInterfaceOrientationLandscapeRight";
				INFOPLIST_KEY_UISupportedInterfaceOrientations_iPhone = "UIInterfaceOrientationPortrait UIInterfaceOrientationLandscapeLeft UIInterfaceOrientationLandscapeRight";
				LD_RUNPATH_SEARCH_PATHS = (
					"$(inherited)",
					"@executable_path/Frameworks",
				);
				MARKETING_VERSION = 1.0;
				PRODUCT_BUNDLE_IDENTIFIER = "-1cm0128-jec.ac.jp.mattibou";
				PRODUCT_NAME = "$(TARGET_NAME)";
				SWIFT_EMIT_LOC_STRINGS = YES;
				SWIFT_VERSION = 5.0;
				TARGETED_DEVICE_FAMILY = "1,2";
			};
			name = Debug;
		};
		CC4394A32758D18C00D8BF8F /* Release */ = {
			isa = XCBuildConfiguration;
			buildSettings = {
				ASSETCATALOG_COMPILER_APPICON_NAME = AppIcon;
				ASSETCATALOG_COMPILER_GLOBAL_ACCENT_COLOR_NAME = AccentColor;
				CODE_SIGN_STYLE = Automatic;
				CURRENT_PROJECT_VERSION = 1;
				DEVELOPMENT_ASSET_PATHS = "\"mattibou/Preview Content\"";
				ENABLE_PREVIEWS = YES;
				GENERATE_INFOPLIST_FILE = YES;
				INFOPLIST_KEY_UIApplicationSceneManifest_Generation = YES;
				INFOPLIST_KEY_UIApplicationSupportsIndirectInputEvents = YES;
				INFOPLIST_KEY_UILaunchScreen_Generation = YES;
				INFOPLIST_KEY_UISupportedInterfaceOrientations_iPad = "UIInterfaceOrientationPortrait UIInterfaceOrientationPortraitUpsideDown UIInterfaceOrientationLandscapeLeft UIInterfaceOrientationLandscapeRight";
				INFOPLIST_KEY_UISupportedInterfaceOrientations_iPhone = "UIInterfaceOrientationPortrait UIInterfaceOrientationLandscapeLeft UIInterfaceOrientationLandscapeRight";
				LD_RUNPATH_SEARCH_PATHS = (
					"$(inherited)",
					"@executable_path/Frameworks",
				);
				MARKETING_VERSION = 1.0;
				PRODUCT_BUNDLE_IDENTIFIER = "-1cm0128-jec.ac.jp.mattibou";
				PRODUCT_NAME = "$(TARGET_NAME)";
				SWIFT_EMIT_LOC_STRINGS = YES;
				SWIFT_VERSION = 5.0;
				TARGETED_DEVICE_FAMILY = "1,2";
			};
			name = Release;
		};
/* End XCBuildConfiguration section */

/* Begin XCConfigurationList section */
		CC43948E2758D18B00D8BF8F /* Build configuration list for PBXProject "mattibou" */ = {
			isa = XCConfigurationList;
			buildConfigurations = (
				CC43949F2758D18C00D8BF8F /* Debug */,
				CC4394A02758D18C00D8BF8F /* Release */,
			);
			defaultConfigurationIsVisible = 0;
			defaultConfigurationName = Release;
		};
		CC4394A12758D18C00D8BF8F /* Build configuration list for PBXNativeTarget "mattibou" */ = {
			isa = XCConfigurationList;
			buildConfigurations = (
				CC4394A22758D18C00D8BF8F /* Debug */,
				CC4394A32758D18C00D8BF8F /* Release */,
			);
			defaultConfigurationIsVisible = 0;
			defaultConfigurationName = Release;
		};
/* End XCConfigurationList section */
	};
	rootObject = CC43948B2758D18B00D8BF8F /* Project object */;
}
